
Microsoft Visual Studio Solution File, Format Version 12.00
# Visual Studio Version 17
VisualStudioVersion = 17.3.32922.545
MinimumVisualStudioVersion = 10.0.40219.1
Project("{FAE04EC0-301F-11D3-BF4B-00C04F79EFBC}") = "API", "API\API.csproj", "{80313076-2A2D-4AB8-BE8E-6F11D1C5852D}"
EndProject
Project("{FAE04EC0-301F-11D3-BF4B-00C04F79EFBC}") = "Models", "Models\Models.csproj", "{509D8E65-62FB-4725-AD83-E14A6EB235C1}"
EndProject
Project("{FAE04EC0-301F-11D3-BF4B-00C04F79EFBC}") = "Repositories", "Repository\Repositories.csproj", "{E7181ED5-BDC0-4C22-AF45-C6AC1DF1A5F7}"
EndProject
Project("{FAE04EC0-301F-11D3-BF4B-00C04F79EFBC}") = "Services", "Services\Services.csproj", "{2CAEEBCC-E6A9-4EDE-A804-225F7068D1A8}"
EndProject
Project("{FAE04EC0-301F-11D3-BF4B-00C04F79EFBC}") = "UI", "UI\UI.csproj", "{40EF2953-E45F-41D8-9CFF-2444840068BA}"
EndProject
Global
	GlobalSection(SolutionConfigurationPlatforms) = preSolution
		Debug|Any CPU = Debug|Any CPU
		Release|Any CPU = Release|Any CPU
	EndGlobalSection
	GlobalSection(ProjectConfigurationPlatforms) = postSolution
		{80313076-2A2D-4AB8-BE8E-6F11D1C5852D}.Debug|Any CPU.ActiveCfg = Debug|Any CPU
		{80313076-2A2D-4AB8-BE8E-6F11D1C5852D}.Debug|Any CPU.Build.0 = Debug|Any CPU
		{80313076-2A2D-4AB8-BE8E-6F11D1C5852D}.Release|Any CPU.ActiveCfg = Release|Any CPU
		{80313076-2A2D-4AB8-BE8E-6F11D1C5852D}.Release|Any CPU.Build.0 = Release|Any CPU
		{509D8E65-62FB-4725-AD83-E14A6EB235C1}.Debug|Any CPU.ActiveCfg = Debug|Any CPU
		{509D8E65-62FB-4725-AD83-E14A6EB235C1}.Debug|Any CPU.Build.0 = Debug|Any CPU
		{509D8E65-62FB-4725-AD83-E14A6EB235C1}.Release|Any CPU.ActiveCfg = Release|Any CPU
		{509D8E65-62FB-4725-AD83-E14A6EB235C1}.Release|Any CPU.Build.0 = Release|Any CPU
		{E7181ED5-BDC0-4C22-AF45-C6AC1DF1A5F7}.Debug|Any CPU.ActiveCfg = Debug|Any CPU
		{E7181ED5-BDC0-4C22-AF45-C6AC1DF1A5F7}.Debug|Any CPU.Build.0 = Debug|Any CPU
		{E7181ED5-BDC0-4C22-AF45-C6AC1DF1A5F7}.Release|Any CPU.ActiveCfg = Release|Any CPU
		{E7181ED5-BDC0-4C22-AF45-C6AC1DF1A5F7}.Release|Any CPU.Build.0 = Release|Any CPU
		{2CAEEBCC-E6A9-4EDE-A804-225F7068D1A8}.Debug|Any CPU.ActiveCfg = Debug|Any CPU
		{2CAEEBCC-E6A9-4EDE-A804-225F7068D1A8}.Debug|Any CPU.Build.0 = Debug|Any CPU
		{2CAEEBCC-E6A9-4EDE-A804-225F7068D1A8}.Release|Any CPU.ActiveCfg = Release|Any CPU
		{2CAEEBCC-E6A9-4EDE-A804-225F7068D1A8}.Release|Any CPU.Build.0 = Release|Any CPU
		{40EF2953-E45F-41D8-9CFF-2444840068BA}.Debug|Any CPU.ActiveCfg = Debug|Any CPU
		{40EF2953-E45F-41D8-9CFF-2444840068BA}.Debug|Any CPU.Build.0 = Debug|Any CPU
		{40EF2953-E45F-41D8-9CFF-2444840068BA}.Release|Any CPU.ActiveCfg = Release|Any CPU
		{40EF2953-E45F-41D8-9CFF-2444840068BA}.Release|Any CPU.Build.0 = Release|Any CPU
	EndGlobalSection
	GlobalSection(SolutionProperties) = preSolution
		HideSolutionNode = FALSE
	EndGlobalSection
	GlobalSection(ExtensibilityGlobals) = postSolution
		SolutionGuid = {CA818CBB-9D5C-4914-8610-36E4AC5A6FBD}
	EndGlobalSection
EndGlobal
